
Microsoft Visual Studio Solution File, Format Version 12.00
# Visual Studio 15
VisualStudioVersion = 15.0.28307.645
MinimumVisualStudioVersion = 10.0.40219.1
Project("{2150E333-8FDC-42A3-9474-1A3956D46DE8}") = "SubModule", "SubModule", "{B8B1E785-065E-42F2-AFE4-F06040D6EF2E}"
EndProject
Project("{9A19103F-16F7-4668-BE54-9A1E7A4F7556}") = "EasyHttpClient", "PixivApi\EasyHttpClient-NetStandard\src\EasyHttpClient\EasyHttpClient.csproj", "{6B73D4A7-C09B-4140-9DF1-A70EF1DD2F95}"
EndProject
Project("{9A19103F-16F7-4668-BE54-9A1E7A4F7556}") = "SimpleHttpClient", "PixivApi\SimpleHttpClient\SimpleHttpClient\SimpleHttpClient.csproj", "{1783645D-87F6-45C9-A2BA-8A3E211086B4}"
EndProject
Project("{9A19103F-16F7-4668-BE54-9A1E7A4F7556}") = "HangfireServer", "HangfireServer\HangfireServer.csproj", "{14D59468-63AA-4789-BDD1-9B54241FFFD8}"
EndProject
Project("{9A19103F-16F7-4668-BE54-9A1E7A4F7556}") = "PixivApi.Net", "PixivApi\PixivApi.Net\PixivApi.Net.csproj", "{D7EA4EE6-3F90-40E3-A590-DA208344DF3E}"
EndProject
Project("{FAE04EC0-301F-11D3-BF4B-00C04F79EFBC}") = "Downloader.Core", "Downloader.Core\Downloader.Core.csproj", "{B82907CF-57B8-4854-A43F-2E52FB5812D0}"
EndProject
Global
	GlobalSection(SolutionConfigurationPlatforms) = preSolution
		Debug|Any CPU = Debug|Any CPU
		Release|Any CPU = Release|Any CPU
	EndGlobalSection
	GlobalSection(ProjectConfigurationPlatforms) = postSolution
		{6B73D4A7-C09B-4140-9DF1-A70EF1DD2F95}.Debug|Any CPU.ActiveCfg = Debug|Any CPU
		{6B73D4A7-C09B-4140-9DF1-A70EF1DD2F95}.Debug|Any CPU.Build.0 = Debug|Any CPU
		{6B73D4A7-C09B-4140-9DF1-A70EF1DD2F95}.Release|Any CPU.ActiveCfg = Release|Any CPU
		{6B73D4A7-C09B-4140-9DF1-A70EF1DD2F95}.Release|Any CPU.Build.0 = Release|Any CPU
		{1783645D-87F6-45C9-A2BA-8A3E211086B4}.Debug|Any CPU.ActiveCfg = Debug|Any CPU
		{1783645D-87F6-45C9-A2BA-8A3E211086B4}.Debug|Any CPU.Build.0 = Debug|Any CPU
		{1783645D-87F6-45C9-A2BA-8A3E211086B4}.Release|Any CPU.ActiveCfg = Release|Any CPU
		{1783645D-87F6-45C9-A2BA-8A3E211086B4}.Release|Any CPU.Build.0 = Release|Any CPU
		{14D59468-63AA-4789-BDD1-9B54241FFFD8}.Debug|Any CPU.ActiveCfg = Debug|Any CPU
		{14D59468-63AA-4789-BDD1-9B54241FFFD8}.Debug|Any CPU.Build.0 = Debug|Any CPU
		{14D59468-63AA-4789-BDD1-9B54241FFFD8}.Release|Any CPU.ActiveCfg = Release|Any CPU
		{14D59468-63AA-4789-BDD1-9B54241FFFD8}.Release|Any CPU.Build.0 = Release|Any CPU
		{D7EA4EE6-3F90-40E3-A590-DA208344DF3E}.Debug|Any CPU.ActiveCfg = Debug|Any CPU
		{D7EA4EE6-3F90-40E3-A590-DA208344DF3E}.Debug|Any CPU.Build.0 = Debug|Any CPU
		{D7EA4EE6-3F90-40E3-A590-DA208344DF3E}.Release|Any CPU.ActiveCfg = Release|Any CPU
		{D7EA4EE6-3F90-40E3-A590-DA208344DF3E}.Release|Any CPU.Build.0 = Release|Any CPU
		{B82907CF-57B8-4854-A43F-2E52FB5812D0}.Debug|Any CPU.ActiveCfg = Debug|Any CPU
		{B82907CF-57B8-4854-A43F-2E52FB5812D0}.Debug|Any CPU.Build.0 = Debug|Any CPU
		{B82907CF-57B8-4854-A43F-2E52FB5812D0}.Release|Any CPU.ActiveCfg = Release|Any CPU
		{B82907CF-57B8-4854-A43F-2E52FB5812D0}.Release|Any CPU.Build.0 = Release|Any CPU
	EndGlobalSection
	GlobalSection(SolutionProperties) = preSolution
		HideSolutionNode = FALSE
	EndGlobalSection
	GlobalSection(NestedProjects) = preSolution
		{6B73D4A7-C09B-4140-9DF1-A70EF1DD2F95} = {B8B1E785-065E-42F2-AFE4-F06040D6EF2E}
		{1783645D-87F6-45C9-A2BA-8A3E211086B4} = {B8B1E785-065E-42F2-AFE4-F06040D6EF2E}
		{D7EA4EE6-3F90-40E3-A590-DA208344DF3E} = {B8B1E785-065E-42F2-AFE4-F06040D6EF2E}
	EndGlobalSection
	GlobalSection(ExtensibilityGlobals) = postSolution
		SolutionGuid = {341B96DA-B332-4D39-883D-97C14F411A05}
	EndGlobalSection
EndGlobal
