
Microsoft Visual Studio Solution File, Format Version 12.00
# Visual Studio 15
VisualStudioVersion = 15.0.28307.645
MinimumVisualStudioVersion = 10.0.40219.1
Project("{9A19103F-16F7-4668-BE54-9A1E7A4F7556}") = "PixivDownloader", "PixivDownloader\PixivDownloader.csproj", "{7665008C-63B5-4A86-A83C-E4E1A2C96F9B}"
EndProject
Project("{9A19103F-16F7-4668-BE54-9A1E7A4F7556}") = "SimpleHttpClient", "SimpleHttpClient\SimpleHttpClient\SimpleHttpClient.csproj", "{614ED984-B473-4C34-AF01-9F053B16808F}"
EndProject
Project("{2150E333-8FDC-42A3-9474-1A3956D46DE8}") = "SubModule", "SubModule", "{B8B1E785-065E-42F2-AFE4-F06040D6EF2E}"
EndProject
Project("{9A19103F-16F7-4668-BE54-9A1E7A4F7556}") = "EasyHttpClient", "EasyHttpClient-NetStandard\src\EasyHttpClient\EasyHttpClient.csproj", "{26388E56-5F78-44BC-803A-88B07834F7CF}"
EndProject
Global
	GlobalSection(SolutionConfigurationPlatforms) = preSolution
		Debug|Any CPU = Debug|Any CPU
		Release|Any CPU = Release|Any CPU
	EndGlobalSection
	GlobalSection(ProjectConfigurationPlatforms) = postSolution
		{7665008C-63B5-4A86-A83C-E4E1A2C96F9B}.Debug|Any CPU.ActiveCfg = Debug|Any CPU
		{7665008C-63B5-4A86-A83C-E4E1A2C96F9B}.Debug|Any CPU.Build.0 = Debug|Any CPU
		{7665008C-63B5-4A86-A83C-E4E1A2C96F9B}.Release|Any CPU.ActiveCfg = Release|Any CPU
		{7665008C-63B5-4A86-A83C-E4E1A2C96F9B}.Release|Any CPU.Build.0 = Release|Any CPU
		{614ED984-B473-4C34-AF01-9F053B16808F}.Debug|Any CPU.ActiveCfg = Debug|Any CPU
		{614ED984-B473-4C34-AF01-9F053B16808F}.Debug|Any CPU.Build.0 = Debug|Any CPU
		{614ED984-B473-4C34-AF01-9F053B16808F}.Release|Any CPU.ActiveCfg = Release|Any CPU
		{614ED984-B473-4C34-AF01-9F053B16808F}.Release|Any CPU.Build.0 = Release|Any CPU
		{26388E56-5F78-44BC-803A-88B07834F7CF}.Debug|Any CPU.ActiveCfg = Debug|Any CPU
		{26388E56-5F78-44BC-803A-88B07834F7CF}.Debug|Any CPU.Build.0 = Debug|Any CPU
		{26388E56-5F78-44BC-803A-88B07834F7CF}.Release|Any CPU.ActiveCfg = Release|Any CPU
		{26388E56-5F78-44BC-803A-88B07834F7CF}.Release|Any CPU.Build.0 = Release|Any CPU
	EndGlobalSection
	GlobalSection(SolutionProperties) = preSolution
		HideSolutionNode = FALSE
	EndGlobalSection
	GlobalSection(NestedProjects) = preSolution
		{614ED984-B473-4C34-AF01-9F053B16808F} = {B8B1E785-065E-42F2-AFE4-F06040D6EF2E}
		{26388E56-5F78-44BC-803A-88B07834F7CF} = {B8B1E785-065E-42F2-AFE4-F06040D6EF2E}
	EndGlobalSection
	GlobalSection(ExtensibilityGlobals) = postSolution
		SolutionGuid = {341B96DA-B332-4D39-883D-97C14F411A05}
	EndGlobalSection
EndGlobal
